// !$*UTF8*$!
{
	archiveVersion = 1;
	classes = {
	};
	objectVersion = 48;
	objects = {

/* Begin PBXBuildFile section */
		3B898AAD202FE16F00DA338B /* Model.xcdatamodeld in Sources */ = {isa = PBXBuildFile; fileRef = 3B898AAB202FE16F00DA338B /* Model.xcdatamodeld */; };
		3B898AD1202FEE6E00DA338B /* ListApp.xcdatamodeld in Sources */ = {isa = PBXBuildFile; fileRef = 3B898ACF202FEE6E00DA338B /* ListApp.xcdatamodeld */; };
		3BDDE19F2026DD4300DFE7DD /* AppDelegate.swift in Sources */ = {isa = PBXBuildFile; fileRef = 3BDDE19E2026DD4300DFE7DD /* AppDelegate.swift */; };
		3BDDE1A42026DD4300DFE7DD /* Main.storyboard in Resources */ = {isa = PBXBuildFile; fileRef = 3BDDE1A22026DD4300DFE7DD /* Main.storyboard */; };
		3BDDE1A62026DD4300DFE7DD /* Assets.xcassets in Resources */ = {isa = PBXBuildFile; fileRef = 3BDDE1A52026DD4300DFE7DD /* Assets.xcassets */; };
		3BDDE1A92026DD4300DFE7DD /* LaunchScreen.storyboard in Resources */ = {isa = PBXBuildFile; fileRef = 3BDDE1A72026DD4300DFE7DD /* LaunchScreen.storyboard */; };
		3BDDE1B12026E36F00DFE7DD /* AddorRemove.swift in Sources */ = {isa = PBXBuildFile; fileRef = 3BDDE1B02026E36F00DFE7DD /* AddorRemove.swift */; };
/* End PBXBuildFile section */

/* Begin PBXFileReference section */
		3B898AAC202FE16F00DA338B /* Model.xcdatamodel */ = {isa = PBXFileReference; lastKnownFileType = wrapper.xcdatamodel; path = Model.xcdatamodel; sourceTree = "<group>"; };
		3B898AD0202FEE6E00DA338B /* ListApp.xcdatamodel */ = {isa = PBXFileReference; lastKnownFileType = wrapper.xcdatamodel; path = ListApp.xcdatamodel; sourceTree = "<group>"; };
		3BDDE19B2026DD4300DFE7DD /* ListApp.app */ = {isa = PBXFileReference; explicitFileType = wrapper.application; includeInIndex = 0; path = ListApp.app; sourceTree = BUILT_PRODUCTS_DIR; };
		3BDDE19E2026DD4300DFE7DD /* AppDelegate.swift */ = {isa = PBXFileReference; lastKnownFileType = sourcecode.swift; path = AppDelegate.swift; sourceTree = "<group>"; };
		3BDDE1A32026DD4300DFE7DD /* Base */ = {isa = PBXFileReference; lastKnownFileType = file.storyboard; name = Base; path = Base.lproj/Main.storyboard; sourceTree = "<group>"; };
		3BDDE1A52026DD4300DFE7DD /* Assets.xcassets */ = {isa = PBXFileReference; lastKnownFileType = folder.assetcatalog; path = Assets.xcassets; sourceTree = "<group>"; };
		3BDDE1A82026DD4300DFE7DD /* Base */ = {isa = PBXFileReference; lastKnownFileType = file.storyboard; name = Base; path = Base.lproj/LaunchScreen.storyboard; sourceTree = "<group>"; };
		3BDDE1AA2026DD4300DFE7DD /* Info.plist */ = {isa = PBXFileReference; lastKnownFileType = text.plist.xml; path = Info.plist; sourceTree = "<group>"; };
		3BDDE1B02026E36F00DFE7DD /* AddorRemove.swift */ = {isa = PBXFileReference; lastKnownFileType = sourcecode.swift; path = AddorRemove.swift; sourceTree = "<group>"; };
/* End PBXFileReference section */

/* Begin PBXFrameworksBuildPhase section */
		3BDDE1982026DD4300DFE7DD /* Frameworks */ = {
			isa = PBXFrameworksBuildPhase;
			buildActionMask = 2147483647;
			files = (
			);
			runOnlyForDeploymentPostprocessing = 0;
		};
/* End PBXFrameworksBuildPhase section */

/* Begin PBXGroup section */
		3BDDE1922026DD4300DFE7DD = {
			isa = PBXGroup;
			children = (
				3BDDE19D2026DD4300DFE7DD /* ListApp */,
				3BDDE19C2026DD4300DFE7DD /* Products */,
			);
			sourceTree = "<group>";
		};
		3BDDE19C2026DD4300DFE7DD /* Products */ = {
			isa = PBXGroup;
			children = (
				3BDDE19B2026DD4300DFE7DD /* ListApp.app */,
			);
			name = Products;
			sourceTree = "<group>";
		};
		3BDDE19D2026DD4300DFE7DD /* ListApp */ = {
			isa = PBXGroup;
			children = (
				3BDDE19E2026DD4300DFE7DD /* AppDelegate.swift */,
				3BDDE1A22026DD4300DFE7DD /* Main.storyboard */,
				3B898AAB202FE16F00DA338B /* Model.xcdatamodeld */,
				3B898ACF202FEE6E00DA338B /* ListApp.xcdatamodeld */,
				3BDDE1B02026E36F00DFE7DD /* AddorRemove.swift */,
				3BDDE1A52026DD4300DFE7DD /* Assets.xcassets */,
				3BDDE1A72026DD4300DFE7DD /* LaunchScreen.storyboard */,
				3BDDE1AA2026DD4300DFE7DD /* Info.plist */,
			);
			path = ListApp;
			sourceTree = "<group>";
		};
/* End PBXGroup section */

/* Begin PBXNativeTarget section */
		3BDDE19A2026DD4300DFE7DD /* ListApp */ = {
			isa = PBXNativeTarget;
			buildConfigurationList = 3BDDE1AD2026DD4300DFE7DD /* Build configuration list for PBXNativeTarget "ListApp" */;
			buildPhases = (
				3BDDE1972026DD4300DFE7DD /* Sources */,
				3BDDE1982026DD4300DFE7DD /* Frameworks */,
				3BDDE1992026DD4300DFE7DD /* Resources */,
			);
			buildRules = (
			);
			dependencies = (
			);
			name = ListApp;
			productName = ListApp;
			productReference = 3BDDE19B2026DD4300DFE7DD /* ListApp.app */;
			productType = "com.apple.product-type.application";
		};
/* End PBXNativeTarget section */

/* Begin PBXProject section */
		3BDDE1932026DD4300DFE7DD /* Project object */ = {
			isa = PBXProject;
			attributes = {
				LastSwiftUpdateCheck = 0920;
				LastUpgradeCheck = 0920;
				ORGANIZATIONNAME = angryber;
				TargetAttributes = {
					3BDDE19A2026DD4300DFE7DD = {
						CreatedOnToolsVersion = 9.2;
						ProvisioningStyle = Automatic;
					};
				};
			};
			buildConfigurationList = 3BDDE1962026DD4300DFE7DD /* Build configuration list for PBXProject "ListApp" */;
			compatibilityVersion = "Xcode 8.0";
			developmentRegion = en;
			hasScannedForEncodings = 0;
			knownRegions = (
				en,
				Base,
			);
			mainGroup = 3BDDE1922026DD4300DFE7DD;
			productRefGroup = 3BDDE19C2026DD4300DFE7DD /* Products */;
			projectDirPath = "";
			projectRoot = "";
			targets = (
				3BDDE19A2026DD4300DFE7DD /* ListApp */,
			);
		};
/* End PBXProject section */

/* Begin PBXResourcesBuildPhase section */
		3BDDE1992026DD4300DFE7DD /* Resources */ = {
			isa = PBXResourcesBuildPhase;
			buildActionMask = 2147483647;
			files = (
				3BDDE1A92026DD4300DFE7DD /* LaunchScreen.storyboard in Resources */,
				3BDDE1A62026DD4300DFE7DD /* Assets.xcassets in Resources */,
				3BDDE1A42026DD4300DFE7DD /* Main.storyboard in Resources */,
			);
			runOnlyForDeploymentPostprocessing = 0;
		};
/* End PBXResourcesBuildPhase section */

/* Begin PBXSourcesBuildPhase section */
		3BDDE1972026DD4300DFE7DD /* Sources */ = {
			isa = PBXSourcesBuildPhase;
			buildActionMask = 2147483647;
			files = (
				3BDDE1B12026E36F00DFE7DD /* AddorRemove.swift in Sources */,
				3B898AD1202FEE6E00DA338B /* ListApp.xcdatamodeld in Sources */,
				3BDDE19F2026DD4300DFE7DD /* AppDelegate.swift in Sources */,
				3B898AAD202FE16F00DA338B /* Model.xcdatamodeld in Sources */,
			);
			runOnlyForDeploymentPostprocessing = 0;
		};
/* End PBXSourcesBuildPhase section */

/* Begin PBXVariantGroup section */
		3BDDE1A22026DD4300DFE7DD /* Main.storyboard */ = {
			isa = PBXVariantGroup;
			children = (
				3BDDE1A32026DD4300DFE7DD /* Base */,
			);
			name = Main.storyboard;
			sourceTree = "<group>";
		};
		3BDDE1A72026DD4300DFE7DD /* LaunchScreen.storyboard */ = {
			isa = PBXVariantGroup;
			children = (
				3BDDE1A82026DD4300DFE7DD /* Base */,
			);
			name = LaunchScreen.storyboard;
			sourceTree = "<group>";
		};
/* End PBXVariantGroup section */

/* Begin XCBuildConfiguration section */
		3BDDE1AB2026DD4300DFE7DD /* Debug */ = {
			isa = XCBuildConfiguration;
			buildSettings = {
				ALWAYS_SEARCH_USER_PATHS = NO;
				CLANG_ANALYZER_NONNULL = YES;
				CLANG_ANALYZER_NUMBER_OBJECT_CONVERSION = YES_AGGRESSIVE;
				CLANG_CXX_LANGUAGE_STANDARD = "gnu++14";
				CLANG_CXX_LIBRARY = "libc++";
				CLANG_ENABLE_MODULES = YES;
				CLANG_ENABLE_OBJC_ARC = YES;
				CLANG_WARN_BLOCK_CAPTURE_AUTORELEASING = YES;
				CLANG_WARN_BOOL_CONVERSION = YES;
				CLANG_WARN_COMMA = YES;
				CLANG_WARN_CONSTANT_CONVERSION = YES;
				CLANG_WARN_DIRECT_OBJC_ISA_USAGE = YES_ERROR;
				CLANG_WARN_DOCUMENTATION_COMMENTS = YES;
				CLANG_WARN_EMPTY_BODY = YES;
				CLANG_WARN_ENUM_CONVERSION = YES;
				CLANG_WARN_INFINITE_RECURSION = YES;
				CLANG_WARN_INT_CONVERSION = YES;
				CLANG_WARN_NON_LITERAL_NULL_CONVERSION = YES;
				CLANG_WARN_OBJC_LITERAL_CONVERSION = YES;
				CLANG_WARN_OBJC_ROOT_CLASS = YES_ERROR;
				CLANG_WARN_RANGE_LOOP_ANALYSIS = YES;
				CLANG_WARN_STRICT_PROTOTYPES = YES;
				CLANG_WARN_SUSPICIOUS_MOVE = YES;
				CLANG_WARN_UNGUARDED_AVAILABILITY = YES_AGGRESSIVE;
				CLANG_WARN_UNREACHABLE_CODE = YES;
				CLANG_WARN__DUPLICATE_METHOD_MATCH = YES;
				CODE_SIGN_IDENTITY = "iPhone Developer";
				COPY_PHASE_STRIP = NO;
				DEBUG_INFORMATION_FORMAT = dwarf;
				ENABLE_STRICT_OBJC_MSGSEND = YES;
				ENABLE_TESTABILITY = YES;
				GCC_C_LANGUAGE_STANDARD = gnu11;
				GCC_DYNAMIC_NO_PIC = NO;
				GCC_NO_COMMON_BLOCKS = YES;
				GCC_OPTIMIZATION_LEVEL = 0;
				GCC_PREPROCESSOR_DEFINITIONS = (
					"DEBUG=1",
					"$(inherited)",
				);
				GCC_WARN_64_TO_32_BIT_CONVERSION = YES;
				GCC_WARN_ABOUT_RETURN_TYPE = YES_ERROR;
				GCC_WARN_UNDECLARED_SELECTOR = YES;
				GCC_WARN_UNINITIALIZED_AUTOS = YES_AGGRESSIVE;
				GCC_WARN_UNUSED_FUNCTION = YES;
				GCC_WARN_UNUSED_VARIABLE = YES;
				IPHONEOS_DEPLOYMENT_TARGET = 11.2;
				MTL_ENABLE_DEBUG_INFO = YES;
				ONLY_ACTIVE_ARCH = YES;
				SDKROOT = iphoneos;
				SWIFT_ACTIVE_COMPILATION_CONDITIONS = DEBUG;
				SWIFT_OPTIMIZATION_LEVEL = "-Onone";
			};
			name = Debug;
		};
		3BDDE1AC2026DD4300DFE7DD /* Release */ = {
			isa = XCBuildConfiguration;
			buildSettings = {
				ALWAYS_SEARCH_USER_PATHS = NO;
				CLANG_ANALYZER_NONNULL = YES;
				CLANG_ANALYZER_NUMBER_OBJECT_CONVERSION = YES_AGGRESSIVE;
				CLANG_CXX_LANGUAGE_STANDARD = "gnu++14";
				CLANG_CXX_LIBRARY = "libc++";
				CLANG_ENABLE_MODULES = YES;
				CLANG_ENABLE_OBJC_ARC = YES;
				CLANG_WARN_BLOCK_CAPTURE_AUTORELEASING = YES;
				CLANG_WARN_BOOL_CONVERSION = YES;
				CLANG_WARN_COMMA = YES;
				CLANG_WARN_CONSTANT_CONVERSION = YES;
				CLANG_WARN_DIRECT_OBJC_ISA_USAGE = YES_ERROR;
				CLANG_WARN_DOCUMENTATION_COMMENTS = YES;
				CLANG_WARN_EMPTY_BODY = YES;
				CLANG_WARN_ENUM_CONVERSION = YES;
				CLANG_WARN_INFINITE_RECURSION = YES;
				CLANG_WARN_INT_CONVERSION = YES;
				CLANG_WARN_NON_LITERAL_NULL_CONVERSION = YES;
				CLANG_WARN_OBJC_LITERAL_CONVERSION = YES;
				CLANG_WARN_OBJC_ROOT_CLASS = YES_ERROR;
				CLANG_WARN_RANGE_LOOP_ANALYSIS = YES;
				CLANG_WARN_STRICT_PROTOTYPES = YES;
				CLANG_WARN_SUSPICIOUS_MOVE = YES;
				CLANG_WARN_UNGUARDED_AVAILABILITY = YES_AGGRESSIVE;
				CLANG_WARN_UNREACHABLE_CODE = YES;
				CLANG_WARN__DUPLICATE_METHOD_MATCH = YES;
				CODE_SIGN_IDENTITY = "iPhone Developer";
				COPY_PHASE_STRIP = NO;
				DEBUG_INFORMATION_FORMAT = "dwarf-with-dsym";
				ENABLE_NS_ASSERTIONS = NO;
				ENABLE_STRICT_OBJC_MSGSEND = YES;
				GCC_C_LANGUAGE_STANDARD = gnu11;
				GCC_NO_COMMON_BLOCKS = YES;
				GCC_WARN_64_TO_32_BIT_CONVERSION = YES;
				GCC_WARN_ABOUT_RETURN_TYPE = YES_ERROR;
				GCC_WARN_UNDECLARED_SELECTOR = YES;
				GCC_WARN_UNINITIALIZED_AUTOS = YES_AGGRESSIVE;
				GCC_WARN_UNUSED_FUNCTION = YES;
				GCC_WARN_UNUSED_VARIABLE = YES;
				IPHONEOS_DEPLOYMENT_TARGET = 11.2;
				MTL_ENABLE_DEBUG_INFO = NO;
				SDKROOT = iphoneos;
				SWIFT_OPTIMIZATION_LEVEL = "-Owholemodule";
				VALIDATE_PRODUCT = YES;
			};
			name = Release;
		};
		3BDDE1AE2026DD4300DFE7DD /* Debug */ = {
			isa = XCBuildConfiguration;
			buildSettings = {
				ASSETCATALOG_COMPILER_APPICON_NAME = AppIcon;
				CODE_SIGN_STYLE = Automatic;
				DEVELOPMENT_TEAM = VKXFDMQYQ9;
				INFOPLIST_FILE = ListApp/Info.plist;
				LD_RUNPATH_SEARCH_PATHS = "$(inherited) @executable_path/Frameworks";
				PRODUCT_BUNDLE_IDENTIFIER = com.angryber.ListApp;
				PRODUCT_NAME = "$(TARGET_NAME)";
				SWIFT_VERSION = 4.0;
				TARGETED_DEVICE_FAMILY = "1,2";
			};
			name = Debug;
		};
		3BDDE1AF2026DD4300DFE7DD /* Release */ = {
			isa = XCBuildConfiguration;
			buildSettings = {
				ASSETCATALOG_COMPILER_APPICON_NAME = AppIcon;
				CODE_SIGN_STYLE = Automatic;
				DEVELOPMENT_TEAM = VKXFDMQYQ9;
				INFOPLIST_FILE = ListApp/Info.plist;
				LD_RUNPATH_SEARCH_PATHS = "$(inherited) @executable_path/Frameworks";
				PRODUCT_BUNDLE_IDENTIFIER = com.angryber.ListApp;
				PRODUCT_NAME = "$(TARGET_NAME)";
				SWIFT_VERSION = 4.0;
				TARGETED_DEVICE_FAMILY = "1,2";
			};
			name = Release;
		};
/* End XCBuildConfiguration section */

/* Begin XCConfigurationList section */
		3BDDE1962026DD4300DFE7DD /* Build configuration list for PBXProject "ListApp" */ = {
			isa = XCConfigurationList;
			buildConfigurations = (
				3BDDE1AB2026DD4300DFE7DD /* Debug */,
				3BDDE1AC2026DD4300DFE7DD /* Release */,
			);
			defaultConfigurationIsVisible = 0;
			defaultConfigurationName = Release;
		};
		3BDDE1AD2026DD4300DFE7DD /* Build configuration list for PBXNativeTarget "ListApp" */ = {
			isa = XCConfigurationList;
			buildConfigurations = (
				3BDDE1AE2026DD4300DFE7DD /* Debug */,
				3BDDE1AF2026DD4300DFE7DD /* Release */,
			);
			defaultConfigurationIsVisible = 0;
			defaultConfigurationName = Release;
		};
/* End XCConfigurationList section */

/* Begin XCVersionGroup section */
		3B898AAB202FE16F00DA338B /* Model.xcdatamodeld */ = {
			isa = XCVersionGroup;
			children = (
				3B898AAC202FE16F00DA338B /* Model.xcdatamodel */,
			);
			currentVersion = 3B898AAC202FE16F00DA338B /* Model.xcdatamodel */;
			path = Model.xcdatamodeld;
			sourceTree = "<group>";
			versionGroupType = wrapper.xcdatamodel;
		};
		3B898ACF202FEE6E00DA338B /* ListApp.xcdatamodeld */ = {
			isa = XCVersionGroup;
			children = (
				3B898AD0202FEE6E00DA338B /* ListApp.xcdatamodel */,
			);
			currentVersion = 3B898AD0202FEE6E00DA338B /* ListApp.xcdatamodel */;
			path = ListApp.xcdatamodeld;
			sourceTree = "<group>";
			versionGroupType = wrapper.xcdatamodel;
		};
/* End XCVersionGroup section */
	};
	rootObject = 3BDDE1932026DD4300DFE7DD /* Project object */;
}
